// !$*UTF8*$!
{
	archiveVersion = 1;
	classes = {
	};
	objectVersion = 46;
	objects = {

/* Begin PBXBuildFile section */
		D8589C4B1D12453C007CD70B /* FunnyEditor.xcscheme in Resources */ = {isa = PBXBuildFile; fileRef = D8589C4A1D12453C007CD70B /* FunnyEditor.xcscheme */; };
		D8589C4E1D12453C007CD70B /* FunnyEditor.m in Sources */ = {isa = PBXBuildFile; fileRef = D8589C4D1D12453C007CD70B /* FunnyEditor.m */; };
/* End PBXBuildFile section */

/* Begin PBXFileReference section */
		D8589C461D12453C007CD70B /* FunnyEditor.xcplugin */ = {isa = PBXFileReference; explicitFileType = wrapper.cfbundle; includeInIndex = 0; path = FunnyEditor.xcplugin; sourceTree = BUILT_PRODUCTS_DIR; };
		D8589C4A1D12453C007CD70B /* FunnyEditor.xcscheme */ = {isa = PBXFileReference; lastKnownFileType = text.xml; name = FunnyEditor.xcscheme; path = FunnyEditor.xcodeproj/xcshareddata/xcschemes/FunnyEditor.xcscheme; sourceTree = SOURCE_ROOT; };
		D8589C4C1D12453C007CD70B /* FunnyEditor.h */ = {isa = PBXFileReference; lastKnownFileType = sourcecode.c.h; path = FunnyEditor.h; sourceTree = "<group>"; };
		D8589C4D1D12453C007CD70B /* FunnyEditor.m */ = {isa = PBXFileReference; lastKnownFileType = sourcecode.c.objc; path = FunnyEditor.m; sourceTree = "<group>"; };
		D8589C4F1D12453C007CD70B /* Info.plist */ = {isa = PBXFileReference; lastKnownFileType = text.plist.xml; path = Info.plist; sourceTree = "<group>"; };
/* End PBXFileReference section */

/* Begin PBXGroup section */
		D8589C3E1D12453C007CD70B = {
			isa = PBXGroup;
			children = (
				D8589C481D12453C007CD70B /* FunnyEditor */,
				D8589C471D12453C007CD70B /* Products */,
			);
			sourceTree = "<group>";
		};
		D8589C471D12453C007CD70B /* Products */ = {
			isa = PBXGroup;
			children = (
				D8589C461D12453C007CD70B /* FunnyEditor.xcplugin */,
			);
			name = Products;
			sourceTree = "<group>";
		};
		D8589C481D12453C007CD70B /* FunnyEditor */ = {
			isa = PBXGroup;
			children = (
				D8589C4C1D12453C007CD70B /* FunnyEditor.h */,
				D8589C4D1D12453C007CD70B /* FunnyEditor.m */,
				D8589C4F1D12453C007CD70B /* Info.plist */,
				D8589C491D12453C007CD70B /* Supporting Files */,
			);
			path = FunnyEditor;
			sourceTree = "<group>";
		};
		D8589C491D12453C007CD70B /* Supporting Files */ = {
			isa = PBXGroup;
			children = (
				D8589C4A1D12453C007CD70B /* FunnyEditor.xcscheme */,
			);
			name = "Supporting Files";
			sourceTree = "<group>";
		};
/* End PBXGroup section */

/* Begin PBXNativeTarget section */
		D8589C451D12453C007CD70B /* FunnyEditor */ = {
			isa = PBXNativeTarget;
			buildConfigurationList = D8589C521D12453C007CD70B /* Build configuration list for PBXNativeTarget "FunnyEditor" */;
			buildPhases = (
				D8589C431D12453C007CD70B /* Sources */,
				D8589C441D12453C007CD70B /* Resources */,
			);
			buildRules = (
			);
			dependencies = (
			);
			name = FunnyEditor;
			productName = FunnyEditor;
			productReference = D8589C461D12453C007CD70B /* FunnyEditor.xcplugin */;
			productType = "com.apple.product-type.bundle";
		};
/* End PBXNativeTarget section */

/* Begin PBXProject section */
		D8589C3F1D12453C007CD70B /* Project object */ = {
			isa = PBXProject;
			attributes = {
				LastUpgradeCheck = 0730;
				ORGANIZATIONNAME = duan.yu;
				TargetAttributes = {
					D8589C451D12453C007CD70B = {
						CreatedOnToolsVersion = 7.3;
					};
				};
			};
			buildConfigurationList = D8589C421D12453C007CD70B /* Build configuration list for PBXProject "FunnyEditor" */;
			compatibilityVersion = "Xcode 3.2";
			developmentRegion = English;
			hasScannedForEncodings = 0;
			knownRegions = (
				en,
			);
			mainGroup = D8589C3E1D12453C007CD70B;
			productRefGroup = D8589C471D12453C007CD70B /* Products */;
			projectDirPath = "";
			projectRoot = "";
			targets = (
				D8589C451D12453C007CD70B /* FunnyEditor */,
			);
		};
/* End PBXProject section */

/* Begin PBXResourcesBuildPhase section */
		D8589C441D12453C007CD70B /* Resources */ = {
			isa = PBXResourcesBuildPhase;
			buildActionMask = 2147483647;
			files = (
				D8589C4B1D12453C007CD70B /* FunnyEditor.xcscheme in Resources */,
			);
			runOnlyForDeploymentPostprocessing = 0;
		};
/* End PBXResourcesBuildPhase section */

/* Begin PBXSourcesBuildPhase section */
		D8589C431D12453C007CD70B /* Sources */ = {
			isa = PBXSourcesBuildPhase;
			buildActionMask = 2147483647;
			files = (
				D8589C4E1D12453C007CD70B /* FunnyEditor.m in Sources */,
			);
			runOnlyForDeploymentPostprocessing = 0;
		};
/* End PBXSourcesBuildPhase section */

/* Begin XCBuildConfiguration section */
		D8589C501D12453C007CD70B /* Debug */ = {
			isa = XCBuildConfiguration;
			buildSettings = {
				ALWAYS_SEARCH_USER_PATHS = NO;
				CLANG_ANALYZER_NONNULL = YES;
				CLANG_CXX_LANGUAGE_STANDARD = "gnu++0x";
				CLANG_CXX_LIBRARY = "libc++";
				CLANG_ENABLE_MODULES = YES;
				CLANG_ENABLE_OBJC_ARC = YES;
				CLANG_WARN_BOOL_CONVERSION = YES;
				CLANG_WARN_CONSTANT_CONVERSION = YES;
				CLANG_WARN_DIRECT_OBJC_ISA_USAGE = YES_ERROR;
				CLANG_WARN_EMPTY_BODY = YES;
				CLANG_WARN_ENUM_CONVERSION = YES;
				CLANG_WARN_INT_CONVERSION = YES;
				CLANG_WARN_OBJC_ROOT_CLASS = YES_ERROR;
				CLANG_WARN_UNREACHABLE_CODE = YES;
				CLANG_WARN__DUPLICATE_METHOD_MATCH = YES;
				CODE_SIGN_IDENTITY = "-";
				COPY_PHASE_STRIP = NO;
				DEBUG_INFORMATION_FORMAT = dwarf;
				ENABLE_STRICT_OBJC_MSGSEND = YES;
				ENABLE_TESTABILITY = YES;
				GCC_C_LANGUAGE_STANDARD = gnu99;
				GCC_DYNAMIC_NO_PIC = NO;
				GCC_NO_COMMON_BLOCKS = YES;
				GCC_OPTIMIZATION_LEVEL = 0;
				GCC_PREPROCESSOR_DEFINITIONS = (
					"DEBUG=1",
					"$(inherited)",
				);
				GCC_WARN_64_TO_32_BIT_CONVERSION = YES;
				GCC_WARN_ABOUT_RETURN_TYPE = YES_ERROR;
				GCC_WARN_UNDECLARED_SELECTOR = YES;
				GCC_WARN_UNINITIALIZED_AUTOS = YES_AGGRESSIVE;
				GCC_WARN_UNUSED_FUNCTION = YES;
				GCC_WARN_UNUSED_VARIABLE = YES;
				MACOSX_DEPLOYMENT_TARGET = 10.11;
				MTL_ENABLE_DEBUG_INFO = YES;
				ONLY_ACTIVE_ARCH = YES;
				SDKROOT = macosx;
			};
			name = Debug;
		};
		D8589C511D12453C007CD70B /* Release */ = {
			isa = XCBuildConfiguration;
			buildSettings = {
				ALWAYS_SEARCH_USER_PATHS = NO;
				CLANG_ANALYZER_NONNULL = YES;
				CLANG_CXX_LANGUAGE_STANDARD = "gnu++0x";
				CLANG_CXX_LIBRARY = "libc++";
				CLANG_ENABLE_MODULES = YES;
				CLANG_ENABLE_OBJC_ARC = YES;
				CLANG_WARN_BOOL_CONVERSION = YES;
				CLANG_WARN_CONSTANT_CONVERSION = YES;
				CLANG_WARN_DIRECT_OBJC_ISA_USAGE = YES_ERROR;
				CLANG_WARN_EMPTY_BODY = YES;
				CLANG_WARN_ENUM_CONVERSION = YES;
				CLANG_WARN_INT_CONVERSION = YES;
				CLANG_WARN_OBJC_ROOT_CLASS = YES_ERROR;
				CLANG_WARN_UNREACHABLE_CODE = YES;
				CLANG_WARN__DUPLICATE_METHOD_MATCH = YES;
				CODE_SIGN_IDENTITY = "-";
				COPY_PHASE_STRIP = NO;
				DEBUG_INFORMATION_FORMAT = "dwarf-with-dsym";
				ENABLE_NS_ASSERTIONS = NO;
				ENABLE_STRICT_OBJC_MSGSEND = YES;
				GCC_C_LANGUAGE_STANDARD = gnu99;
				GCC_NO_COMMON_BLOCKS = YES;
				GCC_WARN_64_TO_32_BIT_CONVERSION = YES;
				GCC_WARN_ABOUT_RETURN_TYPE = YES_ERROR;
				GCC_WARN_UNDECLARED_SELECTOR = YES;
				GCC_WARN_UNINITIALIZED_AUTOS = YES_AGGRESSIVE;
				GCC_WARN_UNUSED_FUNCTION = YES;
				GCC_WARN_UNUSED_VARIABLE = YES;
				MACOSX_DEPLOYMENT_TARGET = 10.11;
				MTL_ENABLE_DEBUG_INFO = NO;
				SDKROOT = macosx;
			};
			name = Release;
		};
		D8589C531D12453C007CD70B /* Debug */ = {
			isa = XCBuildConfiguration;
			buildSettings = {
				COMBINE_HIDPI_IMAGES = YES;
				DEPLOYMENT_LOCATION = YES;
				DSTROOT = "$(HOME)";
				INFOPLIST_FILE = FunnyEditor/Info.plist;
				INSTALL_PATH = "/Library/Application Support/Developer/Shared/Xcode/Plug-ins";
				PRODUCT_BUNDLE_IDENTIFIER = duan.yu.FunnyEditor;
				PRODUCT_NAME = "$(TARGET_NAME)";
				WRAPPER_EXTENSION = xcplugin;
			};
			name = Debug;
		};
		D8589C541D12453C007CD70B /* Release */ = {
			isa = XCBuildConfiguration;
			buildSettings = {
				COMBINE_HIDPI_IMAGES = YES;
				DEPLOYMENT_LOCATION = YES;
				DSTROOT = "$(HOME)";
				INFOPLIST_FILE = FunnyEditor/Info.plist;
				INSTALL_PATH = "/Library/Application Support/Developer/Shared/Xcode/Plug-ins";
				PRODUCT_BUNDLE_IDENTIFIER = duan.yu.FunnyEditor;
				PRODUCT_NAME = "$(TARGET_NAME)";
				WRAPPER_EXTENSION = xcplugin;
			};
			name = Release;
		};
/* End XCBuildConfiguration section */

/* Begin XCConfigurationList section */
		D8589C421D12453C007CD70B /* Build configuration list for PBXProject "FunnyEditor" */ = {
			isa = XCConfigurationList;
			buildConfigurations = (
				D8589C501D12453C007CD70B /* Debug */,
				D8589C511D12453C007CD70B /* Release */,
			);
			defaultConfigurationIsVisible = 0;
			defaultConfigurationName = Release;
		};
		D8589C521D12453C007CD70B /* Build configuration list for PBXNativeTarget "FunnyEditor" */ = {
			isa = XCConfigurationList;
			buildConfigurations = (
				D8589C531D12453C007CD70B /* Debug */,
				D8589C541D12453C007CD70B /* Release */,
			);
			defaultConfigurationIsVisible = 0;
		};
/* End XCConfigurationList section */
	};
	rootObject = D8589C3F1D12453C007CD70B /* Project object */;
}
